// !$*UTF8*$!
{
	archiveVersion = 1;
	classes = {
	};
	objectVersion = 56;
	objects = {

/* Begin PBXBuildFile section */
		7301C9A72C22B724008A8250 /* AccessibilitySnapshotElement.swift in Sources */ = {isa = PBXBuildFile; fileRef = 7301C9A42C22B723008A8250 /* AccessibilitySnapshotElement.swift */; };
		7301C9A82C22B724008A8250 /* UIView+Snapshot.swift in Sources */ = {isa = PBXBuildFile; fileRef = 7301C9A52C22B723008A8250 /* UIView+Snapshot.swift */; };
		7301C9A92C22B724008A8250 /* AccessibilitySnapshotPredicate.swift in Sources */ = {isa = PBXBuildFile; fileRef = 7301C9A62C22B723008A8250 /* AccessibilitySnapshotPredicate.swift */; };
		7301C9AD2C22C0C0008A8250 /* AccessibilityCarousel.swift in Sources */ = {isa = PBXBuildFile; fileRef = 7301C9AC2C22C0C0008A8250 /* AccessibilityCarousel.swift */; };
		7301C9AF2C22C0DB008A8250 /* AccessibilityLabel.swift in Sources */ = {isa = PBXBuildFile; fileRef = 7301C9AE2C22C0DB008A8250 /* AccessibilityLabel.swift */; };
		733A5C202C1D84D10000BAC3 /* StoriesExampleVC.swift in Sources */ = {isa = PBXBuildFile; fileRef = 733A5C1F2C1D84D10000BAC3 /* StoriesExampleVC.swift */; };
		733A5C232C1D87EB0000BAC3 /* AccessibilityElements.swift in Sources */ = {isa = PBXBuildFile; fileRef = 733A5C222C1D87EB0000BAC3 /* AccessibilityElements.swift */; };
		735BA4B12D87EC4800B1083F /* AccessibilityCollectionView.swift in Sources */ = {isa = PBXBuildFile; fileRef = 735BA4B02D87EC3200B1083F /* AccessibilityCollectionView.swift */; };
		735BA4B32D87EEE500B1083F /* CollectionVC.swift in Sources */ = {isa = PBXBuildFile; fileRef = 735BA4B22D87EEE500B1083F /* CollectionVC.swift */; };
		73AD68822DCDED0600F7DBBF /* CardView.swift in Sources */ = {isa = PBXBuildFile; fileRef = 73AD68812DCDED0600F7DBBF /* CardView.swift */; };
		73AD68862DCDF6CE00F7DBBF /* CardViewTests.swift in Sources */ = {isa = PBXBuildFile; fileRef = 73AD68852DCDF6CE00F7DBBF /* CardViewTests.swift */; };
		73D9650E2C267C880032E3AD /* UITester.swift in Sources */ = {isa = PBXBuildFile; fileRef = 73D9650D2C267C880032E3AD /* UITester.swift */; };
		73D965102C2696AD0032E3AD /* BaseView.swift in Sources */ = {isa = PBXBuildFile; fileRef = 73D9650F2C2696AD0032E3AD /* BaseView.swift */; };
		73DE24112C1D52ED00FF7B35 /* AppDelegate.swift in Sources */ = {isa = PBXBuildFile; fileRef = 73DE24102C1D52ED00FF7B35 /* AppDelegate.swift */; };
		73DE24132C1D52ED00FF7B35 /* SceneDelegate.swift in Sources */ = {isa = PBXBuildFile; fileRef = 73DE24122C1D52ED00FF7B35 /* SceneDelegate.swift */; };
		73DE24152C1D52ED00FF7B35 /* ViewController.swift in Sources */ = {isa = PBXBuildFile; fileRef = 73DE24142C1D52ED00FF7B35 /* ViewController.swift */; };
		73DE24182C1D52ED00FF7B35 /* Main.storyboard in Resources */ = {isa = PBXBuildFile; fileRef = 73DE24162C1D52ED00FF7B35 /* Main.storyboard */; };
		73DE241A2C1D52EF00FF7B35 /* Assets.xcassets in Resources */ = {isa = PBXBuildFile; fileRef = 73DE24192C1D52EF00FF7B35 /* Assets.xcassets */; };
		73DE241D2C1D52EF00FF7B35 /* LaunchScreen.storyboard in Resources */ = {isa = PBXBuildFile; fileRef = 73DE241B2C1D52EF00FF7B35 /* LaunchScreen.storyboard */; };
		73DE24282C1D52EF00FF7B35 /* VOHowToTests.swift in Sources */ = {isa = PBXBuildFile; fileRef = 73DE24272C1D52EF00FF7B35 /* VOHowToTests.swift */; };
		73DE24322C1D52EF00FF7B35 /* VOHowToUITests.swift in Sources */ = {isa = PBXBuildFile; fileRef = 73DE24312C1D52EF00FF7B35 /* VOHowToUITests.swift */; };
		73DE24342C1D52EF00FF7B35 /* VOHowToUITestsLaunchTests.swift in Sources */ = {isa = PBXBuildFile; fileRef = 73DE24332C1D52EF00FF7B35 /* VOHowToUITestsLaunchTests.swift */; };
		73DE24412C1D530200FF7B35 /* ProcessInfo.swift in Sources */ = {isa = PBXBuildFile; fileRef = 73DE24402C1D530200FF7B35 /* ProcessInfo.swift */; };
		83AF32E6A861638FA7F63C9E /* Pods_VOHowTo_VOHowToTests.framework in Frameworks */ = {isa = PBXBuildFile; fileRef = CAFF95089AFB82F76FA38997 /* Pods_VOHowTo_VOHowToTests.framework */; };
		C3E4F0472BB29CC178723D19 /* Pods_VOHowTo_VOHowToUITests.framework in Frameworks */ = {isa = PBXBuildFile; fileRef = CAF285822C55D130197A54DD /* Pods_VOHowTo_VOHowToUITests.framework */; };
		F3B1F4535A91AA5227C0B103 /* Pods_VOHowTo.framework in Frameworks */ = {isa = PBXBuildFile; fileRef = A8F00C5E2C879CB332B5D97B /* Pods_VOHowTo.framework */; };
/* End PBXBuildFile section */

/* Begin PBXContainerItemProxy section */
		73DE24242C1D52EF00FF7B35 /* PBXContainerItemProxy */ = {
			isa = PBXContainerItemProxy;
			containerPortal = 73DE24052C1D52ED00FF7B35 /* Project object */;
			proxyType = 1;
			remoteGlobalIDString = 73DE240C2C1D52ED00FF7B35;
			remoteInfo = VOHowTo;
		};
		73DE242E2C1D52EF00FF7B35 /* PBXContainerItemProxy */ = {
			isa = PBXContainerItemProxy;
			containerPortal = 73DE24052C1D52ED00FF7B35 /* Project object */;
			proxyType = 1;
			remoteGlobalIDString = 73DE240C2C1D52ED00FF7B35;
			remoteInfo = VOHowTo;
		};
/* End PBXContainerItemProxy section */

/* Begin PBXFileReference section */
		1843441F67859E908A8F4115 /* Pods-VOHowToTests.release.xcconfig */ = {isa = PBXFileReference; includeInIndex = 1; lastKnownFileType = text.xcconfig; name = "Pods-VOHowToTests.release.xcconfig"; path = "Target Support Files/Pods-VOHowToTests/Pods-VOHowToTests.release.xcconfig"; sourceTree = "<group>"; };
		25ED7C7F34D38AD7B319B9B2 /* Pods-VOHowTo-VOHowToUITests.release.xcconfig */ = {isa = PBXFileReference; includeInIndex = 1; lastKnownFileType = text.xcconfig; name = "Pods-VOHowTo-VOHowToUITests.release.xcconfig"; path = "Target Support Files/Pods-VOHowTo-VOHowToUITests/Pods-VOHowTo-VOHowToUITests.release.xcconfig"; sourceTree = "<group>"; };
		2ECBD5B5657E5230A05C2F4B /* Pods-VOHowToTests.debug.xcconfig */ = {isa = PBXFileReference; includeInIndex = 1; lastKnownFileType = text.xcconfig; name = "Pods-VOHowToTests.debug.xcconfig"; path = "Target Support Files/Pods-VOHowToTests/Pods-VOHowToTests.debug.xcconfig"; sourceTree = "<group>"; };
		7301C9A42C22B723008A8250 /* AccessibilitySnapshotElement.swift */ = {isa = PBXFileReference; fileEncoding = 4; lastKnownFileType = sourcecode.swift; path = AccessibilitySnapshotElement.swift; sourceTree = "<group>"; };
		7301C9A52C22B723008A8250 /* UIView+Snapshot.swift */ = {isa = PBXFileReference; fileEncoding = 4; lastKnownFileType = sourcecode.swift; path = "UIView+Snapshot.swift"; sourceTree = "<group>"; };
		7301C9A62C22B723008A8250 /* AccessibilitySnapshotPredicate.swift */ = {isa = PBXFileReference; fileEncoding = 4; lastKnownFileType = sourcecode.swift; path = AccessibilitySnapshotPredicate.swift; sourceTree = "<group>"; };
		7301C9AC2C22C0C0008A8250 /* AccessibilityCarousel.swift */ = {isa = PBXFileReference; fileEncoding = 4; lastKnownFileType = sourcecode.swift; name = AccessibilityCarousel.swift; path = ../../../../v4ios/designsystem/Sources/CommonUI/Accessibility/AccessibilityCarousel.swift; sourceTree = "<group>"; };
		7301C9AE2C22C0DB008A8250 /* AccessibilityLabel.swift */ = {isa = PBXFileReference; lastKnownFileType = sourcecode.swift; path = AccessibilityLabel.swift; sourceTree = "<group>"; };
		733A5C1F2C1D84D10000BAC3 /* StoriesExampleVC.swift */ = {isa = PBXFileReference; lastKnownFileType = sourcecode.swift; path = StoriesExampleVC.swift; sourceTree = "<group>"; };
		733A5C222C1D87EB0000BAC3 /* AccessibilityElements.swift */ = {isa = PBXFileReference; lastKnownFileType = sourcecode.swift; path = AccessibilityElements.swift; sourceTree = "<group>"; };
		735BA4B02D87EC3200B1083F /* AccessibilityCollectionView.swift */ = {isa = PBXFileReference; lastKnownFileType = sourcecode.swift; name = AccessibilityCollectionView.swift; path = ../AccessibilityCollectionView.swift; sourceTree = "<group>"; };
		735BA4B22D87EEE500B1083F /* CollectionVC.swift */ = {isa = PBXFileReference; lastKnownFileType = sourcecode.swift; path = CollectionVC.swift; sourceTree = "<group>"; };
		73AD68812DCDED0600F7DBBF /* CardView.swift */ = {isa = PBXFileReference; lastKnownFileType = sourcecode.swift; path = CardView.swift; sourceTree = "<group>"; };
		73AD68852DCDF6CE00F7DBBF /* CardViewTests.swift */ = {isa = PBXFileReference; lastKnownFileType = sourcecode.swift; path = CardViewTests.swift; sourceTree = "<group>"; };
		73D9650D2C267C880032E3AD /* UITester.swift */ = {isa = PBXFileReference; lastKnownFileType = sourcecode.swift; path = UITester.swift; sourceTree = "<group>"; };
		73D9650F2C2696AD0032E3AD /* BaseView.swift */ = {isa = PBXFileReference; lastKnownFileType = sourcecode.swift; path = BaseView.swift; sourceTree = "<group>"; };
		73DE240D2C1D52ED00FF7B35 /* VOHowTo.app */ = {isa = PBXFileReference; explicitFileType = wrapper.application; includeInIndex = 0; path = VOHowTo.app; sourceTree = BUILT_PRODUCTS_DIR; };
		73DE24102C1D52ED00FF7B35 /* AppDelegate.swift */ = {isa = PBXFileReference; lastKnownFileType = sourcecode.swift; path = AppDelegate.swift; sourceTree = "<group>"; };
		73DE24122C1D52ED00FF7B35 /* SceneDelegate.swift */ = {isa = PBXFileReference; lastKnownFileType = sourcecode.swift; path = SceneDelegate.swift; sourceTree = "<group>"; };
		73DE24142C1D52ED00FF7B35 /* ViewController.swift */ = {isa = PBXFileReference; lastKnownFileType = sourcecode.swift; path = ViewController.swift; sourceTree = "<group>"; };
		73DE24172C1D52ED00FF7B35 /* Base */ = {isa = PBXFileReference; lastKnownFileType = file.storyboard; name = Base; path = Base.lproj/Main.storyboard; sourceTree = "<group>"; };
		73DE24192C1D52EF00FF7B35 /* Assets.xcassets */ = {isa = PBXFileReference; lastKnownFileType = folder.assetcatalog; path = Assets.xcassets; sourceTree = "<group>"; };
		73DE241C2C1D52EF00FF7B35 /* Base */ = {isa = PBXFileReference; lastKnownFileType = file.storyboard; name = Base; path = Base.lproj/LaunchScreen.storyboard; sourceTree = "<group>"; };
		73DE241E2C1D52EF00FF7B35 /* Info.plist */ = {isa = PBXFileReference; lastKnownFileType = text.plist.xml; path = Info.plist; sourceTree = "<group>"; };
		73DE24232C1D52EF00FF7B35 /* VOHowToTests.xctest */ = {isa = PBXFileReference; explicitFileType = wrapper.cfbundle; includeInIndex = 0; path = VOHowToTests.xctest; sourceTree = BUILT_PRODUCTS_DIR; };
		73DE24272C1D52EF00FF7B35 /* VOHowToTests.swift */ = {isa = PBXFileReference; lastKnownFileType = sourcecode.swift; path = VOHowToTests.swift; sourceTree = "<group>"; };
		73DE242D2C1D52EF00FF7B35 /* VOHowToUITests.xctest */ = {isa = PBXFileReference; explicitFileType = wrapper.cfbundle; includeInIndex = 0; path = VOHowToUITests.xctest; sourceTree = BUILT_PRODUCTS_DIR; };
		73DE24312C1D52EF00FF7B35 /* VOHowToUITests.swift */ = {isa = PBXFileReference; lastKnownFileType = sourcecode.swift; path = VOHowToUITests.swift; sourceTree = "<group>"; };
		73DE24332C1D52EF00FF7B35 /* VOHowToUITestsLaunchTests.swift */ = {isa = PBXFileReference; lastKnownFileType = sourcecode.swift; path = VOHowToUITestsLaunchTests.swift; sourceTree = "<group>"; };
		73DE24402C1D530200FF7B35 /* ProcessInfo.swift */ = {isa = PBXFileReference; lastKnownFileType = sourcecode.swift; path = ProcessInfo.swift; sourceTree = "<group>"; };
		73DE24422C1D546600FF7B35 /* VOHowTo.xctestplan */ = {isa = PBXFileReference; lastKnownFileType = text; path = VOHowTo.xctestplan; sourceTree = "<group>"; };
		792B926112C06BAF46A1048F /* Pods-VOHowTo.debug.xcconfig */ = {isa = PBXFileReference; includeInIndex = 1; lastKnownFileType = text.xcconfig; name = "Pods-VOHowTo.debug.xcconfig"; path = "Target Support Files/Pods-VOHowTo/Pods-VOHowTo.debug.xcconfig"; sourceTree = "<group>"; };
		A8F00C5E2C879CB332B5D97B /* Pods_VOHowTo.framework */ = {isa = PBXFileReference; explicitFileType = wrapper.framework; includeInIndex = 0; path = Pods_VOHowTo.framework; sourceTree = BUILT_PRODUCTS_DIR; };
		AC84842F258C2A128A4C207D /* Pods-VOHowTo-VOHowToTests.release.xcconfig */ = {isa = PBXFileReference; includeInIndex = 1; lastKnownFileType = text.xcconfig; name = "Pods-VOHowTo-VOHowToTests.release.xcconfig"; path = "Target Support Files/Pods-VOHowTo-VOHowToTests/Pods-VOHowTo-VOHowToTests.release.xcconfig"; sourceTree = "<group>"; };
		C247515696F0DE3621E7B9CE /* Pods-VOHowTo-VOHowToUITests.debug.xcconfig */ = {isa = PBXFileReference; includeInIndex = 1; lastKnownFileType = text.xcconfig; name = "Pods-VOHowTo-VOHowToUITests.debug.xcconfig"; path = "Target Support Files/Pods-VOHowTo-VOHowToUITests/Pods-VOHowTo-VOHowToUITests.debug.xcconfig"; sourceTree = "<group>"; };
		CAF285822C55D130197A54DD /* Pods_VOHowTo_VOHowToUITests.framework */ = {isa = PBXFileReference; explicitFileType = wrapper.framework; includeInIndex = 0; path = Pods_VOHowTo_VOHowToUITests.framework; sourceTree = BUILT_PRODUCTS_DIR; };
		CAFF95089AFB82F76FA38997 /* Pods_VOHowTo_VOHowToTests.framework */ = {isa = PBXFileReference; explicitFileType = wrapper.framework; includeInIndex = 0; path = Pods_VOHowTo_VOHowToTests.framework; sourceTree = BUILT_PRODUCTS_DIR; };
		F1A16B03BB1FB637B1CB50DC /* Pods-VOHowTo.release.xcconfig */ = {isa = PBXFileReference; includeInIndex = 1; lastKnownFileType = text.xcconfig; name = "Pods-VOHowTo.release.xcconfig"; path = "Target Support Files/Pods-VOHowTo/Pods-VOHowTo.release.xcconfig"; sourceTree = "<group>"; };
		F39CB6C65B15C0C02C145ACB /* Pods-VOHowTo-VOHowToTests.debug.xcconfig */ = {isa = PBXFileReference; includeInIndex = 1; lastKnownFileType = text.xcconfig; name = "Pods-VOHowTo-VOHowToTests.debug.xcconfig"; path = "Target Support Files/Pods-VOHowTo-VOHowToTests/Pods-VOHowTo-VOHowToTests.debug.xcconfig"; sourceTree = "<group>"; };
/* End PBXFileReference section */

/* Begin PBXFrameworksBuildPhase section */
		73DE240A2C1D52ED00FF7B35 /* Frameworks */ = {
			isa = PBXFrameworksBuildPhase;
			buildActionMask = 2147483647;
			files = (
				F3B1F4535A91AA5227C0B103 /* Pods_VOHowTo.framework in Frameworks */,
			);
			runOnlyForDeploymentPostprocessing = 0;
		};
		73DE24202C1D52EF00FF7B35 /* Frameworks */ = {
			isa = PBXFrameworksBuildPhase;
			buildActionMask = 2147483647;
			files = (
				83AF32E6A861638FA7F63C9E /* Pods_VOHowTo_VOHowToTests.framework in Frameworks */,
			);
			runOnlyForDeploymentPostprocessing = 0;
		};
		73DE242A2C1D52EF00FF7B35 /* Frameworks */ = {
			isa = PBXFrameworksBuildPhase;
			buildActionMask = 2147483647;
			files = (
				C3E4F0472BB29CC178723D19 /* Pods_VOHowTo_VOHowToUITests.framework in Frameworks */,
			);
			runOnlyForDeploymentPostprocessing = 0;
		};
/* End PBXFrameworksBuildPhase section */

/* Begin PBXGroup section */
		73AD68802DCDECE300F7DBBF /* Views */ = {
			isa = PBXGroup;
			children = (
				735BA4B02D87EC3200B1083F /* AccessibilityCollectionView.swift */,
				7301C9AC2C22C0C0008A8250 /* AccessibilityCarousel.swift */,
				73D9650F2C2696AD0032E3AD /* BaseView.swift */,
				73AD68812DCDED0600F7DBBF /* CardView.swift */,
			);
			path = Views;
			sourceTree = "<group>";
		};
		73AD68832DCDED1E00F7DBBF /* Utils */ = {
			isa = PBXGroup;
			children = (
				7301C9AE2C22C0DB008A8250 /* AccessibilityLabel.swift */,
				733A5C222C1D87EB0000BAC3 /* AccessibilityElements.swift */,
				73DE24402C1D530200FF7B35 /* ProcessInfo.swift */,
			);
			path = Utils;
			sourceTree = "<group>";
		};
		73AD68842DCDED3300F7DBBF /* Controllsers */ = {
			isa = PBXGroup;
			children = (
				73DE24142C1D52ED00FF7B35 /* ViewController.swift */,
				733A5C1F2C1D84D10000BAC3 /* StoriesExampleVC.swift */,
				735BA4B22D87EEE500B1083F /* CollectionVC.swift */,
			);
			path = Controllsers;
			sourceTree = "<group>";
		};
		73DE24042C1D52ED00FF7B35 = {
			isa = PBXGroup;
			children = (
				73DE24422C1D546600FF7B35 /* VOHowTo.xctestplan */,
				73DE240F2C1D52ED00FF7B35 /* VOHowTo */,
				73DE24262C1D52EF00FF7B35 /* VOHowToTests */,
				73DE24302C1D52EF00FF7B35 /* VOHowToUITests */,
				73DE240E2C1D52ED00FF7B35 /* Products */,
				B9B865762DF295364838DDD7 /* Pods */,
				996726568AD1863E0B1593EB /* Frameworks */,
			);
			sourceTree = "<group>";
		};
		73DE240E2C1D52ED00FF7B35 /* Products */ = {
			isa = PBXGroup;
			children = (
				73DE240D2C1D52ED00FF7B35 /* VOHowTo.app */,
				73DE24232C1D52EF00FF7B35 /* VOHowToTests.xctest */,
				73DE242D2C1D52EF00FF7B35 /* VOHowToUITests.xctest */,
			);
			name = Products;
			sourceTree = "<group>";
		};
		73DE240F2C1D52ED00FF7B35 /* VOHowTo */ = {
			isa = PBXGroup;
			children = (
				73AD68842DCDED3300F7DBBF /* Controllsers */,
				73AD68832DCDED1E00F7DBBF /* Utils */,
				73AD68802DCDECE300F7DBBF /* Views */,
				73DE24102C1D52ED00FF7B35 /* AppDelegate.swift */,
				73DE24122C1D52ED00FF7B35 /* SceneDelegate.swift */,
				73DE24162C1D52ED00FF7B35 /* Main.storyboard */,
				73DE24192C1D52EF00FF7B35 /* Assets.xcassets */,
				73DE241B2C1D52EF00FF7B35 /* LaunchScreen.storyboard */,
				73DE241E2C1D52EF00FF7B35 /* Info.plist */,
			);
			path = VOHowTo;
			sourceTree = "<group>";
		};
		73DE24262C1D52EF00FF7B35 /* VOHowToTests */ = {
			isa = PBXGroup;
			children = (
				7301C9A42C22B723008A8250 /* AccessibilitySnapshotElement.swift */,
				7301C9A62C22B723008A8250 /* AccessibilitySnapshotPredicate.swift */,
				7301C9A52C22B723008A8250 /* UIView+Snapshot.swift */,
				73DE24272C1D52EF00FF7B35 /* VOHowToTests.swift */,
				73D9650D2C267C880032E3AD /* UITester.swift */,
				73AD68852DCDF6CE00F7DBBF /* CardViewTests.swift */,
			);
			path = VOHowToTests;
			sourceTree = "<group>";
		};
		73DE24302C1D52EF00FF7B35 /* VOHowToUITests */ = {
			isa = PBXGroup;
			children = (
				73DE24312C1D52EF00FF7B35 /* VOHowToUITests.swift */,
				73DE24332C1D52EF00FF7B35 /* VOHowToUITestsLaunchTests.swift */,
			);
			path = VOHowToUITests;
			sourceTree = "<group>";
		};
		996726568AD1863E0B1593EB /* Frameworks */ = {
			isa = PBXGroup;
			children = (
				A8F00C5E2C879CB332B5D97B /* Pods_VOHowTo.framework */,
				CAF285822C55D130197A54DD /* Pods_VOHowTo_VOHowToUITests.framework */,
				CAFF95089AFB82F76FA38997 /* Pods_VOHowTo_VOHowToTests.framework */,
			);
			name = Frameworks;
			sourceTree = "<group>";
		};
		B9B865762DF295364838DDD7 /* Pods */ = {
			isa = PBXGroup;
			children = (
				792B926112C06BAF46A1048F /* Pods-VOHowTo.debug.xcconfig */,
				F1A16B03BB1FB637B1CB50DC /* Pods-VOHowTo.release.xcconfig */,
				C247515696F0DE3621E7B9CE /* Pods-VOHowTo-VOHowToUITests.debug.xcconfig */,
				25ED7C7F34D38AD7B319B9B2 /* Pods-VOHowTo-VOHowToUITests.release.xcconfig */,
				2ECBD5B5657E5230A05C2F4B /* Pods-VOHowToTests.debug.xcconfig */,
				1843441F67859E908A8F4115 /* Pods-VOHowToTests.release.xcconfig */,
				F39CB6C65B15C0C02C145ACB /* Pods-VOHowTo-VOHowToTests.debug.xcconfig */,
				AC84842F258C2A128A4C207D /* Pods-VOHowTo-VOHowToTests.release.xcconfig */,
			);
			path = Pods;
			sourceTree = "<group>";
		};
/* End PBXGroup section */

/* Begin PBXNativeTarget section */
		73DE240C2C1D52ED00FF7B35 /* VOHowTo */ = {
			isa = PBXNativeTarget;
			buildConfigurationList = 73DE24372C1D52EF00FF7B35 /* Build configuration list for PBXNativeTarget "VOHowTo" */;
			buildPhases = (
				3AE35E49F3511229387C96B7 /* [CP] Check Pods Manifest.lock */,
				73DE24092C1D52ED00FF7B35 /* Sources */,
				73DE240A2C1D52ED00FF7B35 /* Frameworks */,
				73DE240B2C1D52ED00FF7B35 /* Resources */,
			);
			buildRules = (
			);
			dependencies = (
			);
			name = VOHowTo;
			productName = VOHowTo;
			productReference = 73DE240D2C1D52ED00FF7B35 /* VOHowTo.app */;
			productType = "com.apple.product-type.application";
		};
		73DE24222C1D52EF00FF7B35 /* VOHowToTests */ = {
			isa = PBXNativeTarget;
			buildConfigurationList = 73DE243A2C1D52EF00FF7B35 /* Build configuration list for PBXNativeTarget "VOHowToTests" */;
			buildPhases = (
				E7376657A58C563C9A9D0F25 /* [CP] Check Pods Manifest.lock */,
				73DE241F2C1D52EF00FF7B35 /* Sources */,
				73DE24202C1D52EF00FF7B35 /* Frameworks */,
				73DE24212C1D52EF00FF7B35 /* Resources */,
				03C89BC1CA8914FBC10C4C41 /* [CP] Embed Pods Frameworks */,
			);
			buildRules = (
			);
			dependencies = (
				73DE24252C1D52EF00FF7B35 /* PBXTargetDependency */,
			);
			name = VOHowToTests;
			productName = VOHowToTests;
			productReference = 73DE24232C1D52EF00FF7B35 /* VOHowToTests.xctest */;
			productType = "com.apple.product-type.bundle.unit-test";
		};
		73DE242C2C1D52EF00FF7B35 /* VOHowToUITests */ = {
			isa = PBXNativeTarget;
			buildConfigurationList = 73DE243D2C1D52EF00FF7B35 /* Build configuration list for PBXNativeTarget "VOHowToUITests" */;
			buildPhases = (
				1575845AC3D6BAF58DEB70AF /* [CP] Check Pods Manifest.lock */,
				73DE24292C1D52EF00FF7B35 /* Sources */,
				73DE242A2C1D52EF00FF7B35 /* Frameworks */,
				73DE242B2C1D52EF00FF7B35 /* Resources */,
				AA74D7664058197B36860AD3 /* [CP] Embed Pods Frameworks */,
			);
			buildRules = (
			);
			dependencies = (
				73DE242F2C1D52EF00FF7B35 /* PBXTargetDependency */,
			);
			name = VOHowToUITests;
			productName = VOHowToUITests;
			productReference = 73DE242D2C1D52EF00FF7B35 /* VOHowToUITests.xctest */;
			productType = "com.apple.product-type.bundle.ui-testing";
		};
/* End PBXNativeTarget section */

/* Begin PBXProject section */
		73DE24052C1D52ED00FF7B35 /* Project object */ = {
			isa = PBXProject;
			attributes = {
				BuildIndependentTargetsInParallel = 1;
				LastSwiftUpdateCheck = 1520;
				LastUpgradeCheck = 1520;
				TargetAttributes = {
					73DE240C2C1D52ED00FF7B35 = {
						CreatedOnToolsVersion = 15.2;
					};
					73DE24222C1D52EF00FF7B35 = {
						CreatedOnToolsVersion = 15.2;
						TestTargetID = 73DE240C2C1D52ED00FF7B35;
					};
					73DE242C2C1D52EF00FF7B35 = {
						CreatedOnToolsVersion = 15.2;
						TestTargetID = 73DE240C2C1D52ED00FF7B35;
					};
				};
			};
			buildConfigurationList = 73DE24082C1D52ED00FF7B35 /* Build configuration list for PBXProject "VOHowTo" */;
			compatibilityVersion = "Xcode 14.0";
			developmentRegion = en;
			hasScannedForEncodings = 0;
			knownRegions = (
				en,
				Base,
			);
			mainGroup = 73DE24042C1D52ED00FF7B35;
			productRefGroup = 73DE240E2C1D52ED00FF7B35 /* Products */;
			projectDirPath = "";
			projectRoot = "";
			targets = (
				73DE240C2C1D52ED00FF7B35 /* VOHowTo */,
				73DE24222C1D52EF00FF7B35 /* VOHowToTests */,
				73DE242C2C1D52EF00FF7B35 /* VOHowToUITests */,
			);
		};
/* End PBXProject section */

/* Begin PBXResourcesBuildPhase section */
		73DE240B2C1D52ED00FF7B35 /* Resources */ = {
			isa = PBXResourcesBuildPhase;
			buildActionMask = 2147483647;
			files = (
				73DE241D2C1D52EF00FF7B35 /* LaunchScreen.storyboard in Resources */,
				73DE241A2C1D52EF00FF7B35 /* Assets.xcassets in Resources */,
				73DE24182C1D52ED00FF7B35 /* Main.storyboard in Resources */,
			);
			runOnlyForDeploymentPostprocessing = 0;
		};
		73DE24212C1D52EF00FF7B35 /* Resources */ = {
			isa = PBXResourcesBuildPhase;
			buildActionMask = 2147483647;
			files = (
			);
			runOnlyForDeploymentPostprocessing = 0;
		};
		73DE242B2C1D52EF00FF7B35 /* Resources */ = {
			isa = PBXResourcesBuildPhase;
			buildActionMask = 2147483647;
			files = (
			);
			runOnlyForDeploymentPostprocessing = 0;
		};
/* End PBXResourcesBuildPhase section */

/* Begin PBXShellScriptBuildPhase section */
		03C89BC1CA8914FBC10C4C41 /* [CP] Embed Pods Frameworks */ = {
			isa = PBXShellScriptBuildPhase;
			buildActionMask = 2147483647;
			files = (
			);
			inputFileListPaths = (
				"${PODS_ROOT}/Target Support Files/Pods-VOHowTo-VOHowToTests/Pods-VOHowTo-VOHowToTests-frameworks-${CONFIGURATION}-input-files.xcfilelist",
			);
			name = "[CP] Embed Pods Frameworks";
			outputFileListPaths = (
				"${PODS_ROOT}/Target Support Files/Pods-VOHowTo-VOHowToTests/Pods-VOHowTo-VOHowToTests-frameworks-${CONFIGURATION}-output-files.xcfilelist",
			);
			runOnlyForDeploymentPostprocessing = 0;
			shellPath = /bin/sh;
			shellScript = "\"${PODS_ROOT}/Target Support Files/Pods-VOHowTo-VOHowToTests/Pods-VOHowTo-VOHowToTests-frameworks.sh\"\n";
			showEnvVarsInLog = 0;
		};
		1575845AC3D6BAF58DEB70AF /* [CP] Check Pods Manifest.lock */ = {
			isa = PBXShellScriptBuildPhase;
			buildActionMask = 2147483647;
			files = (
			);
			inputFileListPaths = (
			);
			inputPaths = (
				"${PODS_PODFILE_DIR_PATH}/Podfile.lock",
				"${PODS_ROOT}/Manifest.lock",
			);
			name = "[CP] Check Pods Manifest.lock";
			outputFileListPaths = (
			);
			outputPaths = (
				"$(DERIVED_FILE_DIR)/Pods-VOHowTo-VOHowToUITests-checkManifestLockResult.txt",
			);
			runOnlyForDeploymentPostprocessing = 0;
			shellPath = /bin/sh;
			shellScript = "diff \"${PODS_PODFILE_DIR_PATH}/Podfile.lock\" \"${PODS_ROOT}/Manifest.lock\" > /dev/null\nif [ $? != 0 ] ; then\n    # print error to STDERR\n    echo \"error: The sandbox is not in sync with the Podfile.lock. Run 'pod install' or update your CocoaPods installation.\" >&2\n    exit 1\nfi\n# This output is used by Xcode 'outputs' to avoid re-running this script phase.\necho \"SUCCESS\" > \"${SCRIPT_OUTPUT_FILE_0}\"\n";
			showEnvVarsInLog = 0;
		};
		3AE35E49F3511229387C96B7 /* [CP] Check Pods Manifest.lock */ = {
			isa = PBXShellScriptBuildPhase;
			buildActionMask = 2147483647;
			files = (
			);
			inputFileListPaths = (
			);
			inputPaths = (
				"${PODS_PODFILE_DIR_PATH}/Podfile.lock",
				"${PODS_ROOT}/Manifest.lock",
			);
			name = "[CP] Check Pods Manifest.lock";
			outputFileListPaths = (
			);
			outputPaths = (
				"$(DERIVED_FILE_DIR)/Pods-VOHowTo-checkManifestLockResult.txt",
			);
			runOnlyForDeploymentPostprocessing = 0;
			shellPath = /bin/sh;
			shellScript = "diff \"${PODS_PODFILE_DIR_PATH}/Podfile.lock\" \"${PODS_ROOT}/Manifest.lock\" > /dev/null\nif [ $? != 0 ] ; then\n    # print error to STDERR\n    echo \"error: The sandbox is not in sync with the Podfile.lock. Run 'pod install' or update your CocoaPods installation.\" >&2\n    exit 1\nfi\n# This output is used by Xcode 'outputs' to avoid re-running this script phase.\necho \"SUCCESS\" > \"${SCRIPT_OUTPUT_FILE_0}\"\n";
			showEnvVarsInLog = 0;
		};
		AA74D7664058197B36860AD3 /* [CP] Embed Pods Frameworks */ = {
			isa = PBXShellScriptBuildPhase;
			buildActionMask = 2147483647;
			files = (
			);
			inputFileListPaths = (
				"${PODS_ROOT}/Target Support Files/Pods-VOHowTo-VOHowToUITests/Pods-VOHowTo-VOHowToUITests-frameworks-${CONFIGURATION}-input-files.xcfilelist",
			);
			name = "[CP] Embed Pods Frameworks";
			outputFileListPaths = (
				"${PODS_ROOT}/Target Support Files/Pods-VOHowTo-VOHowToUITests/Pods-VOHowTo-VOHowToUITests-frameworks-${CONFIGURATION}-output-files.xcfilelist",
			);
			runOnlyForDeploymentPostprocessing = 0;
			shellPath = /bin/sh;
			shellScript = "\"${PODS_ROOT}/Target Support Files/Pods-VOHowTo-VOHowToUITests/Pods-VOHowTo-VOHowToUITests-frameworks.sh\"\n";
			showEnvVarsInLog = 0;
		};
		E7376657A58C563C9A9D0F25 /* [CP] Check Pods Manifest.lock */ = {
			isa = PBXShellScriptBuildPhase;
			buildActionMask = 2147483647;
			files = (
			);
			inputFileListPaths = (
			);
			inputPaths = (
				"${PODS_PODFILE_DIR_PATH}/Podfile.lock",
				"${PODS_ROOT}/Manifest.lock",
			);
			name = "[CP] Check Pods Manifest.lock";
			outputFileListPaths = (
			);
			outputPaths = (
				"$(DERIVED_FILE_DIR)/Pods-VOHowTo-VOHowToTests-checkManifestLockResult.txt",
			);
			runOnlyForDeploymentPostprocessing = 0;
			shellPath = /bin/sh;
			shellScript = "diff \"${PODS_PODFILE_DIR_PATH}/Podfile.lock\" \"${PODS_ROOT}/Manifest.lock\" > /dev/null\nif [ $? != 0 ] ; then\n    # print error to STDERR\n    echo \"error: The sandbox is not in sync with the Podfile.lock. Run 'pod install' or update your CocoaPods installation.\" >&2\n    exit 1\nfi\n# This output is used by Xcode 'outputs' to avoid re-running this script phase.\necho \"SUCCESS\" > \"${SCRIPT_OUTPUT_FILE_0}\"\n";
			showEnvVarsInLog = 0;
		};
/* End PBXShellScriptBuildPhase section */

/* Begin PBXSourcesBuildPhase section */
		73DE24092C1D52ED00FF7B35 /* Sources */ = {
			isa = PBXSourcesBuildPhase;
			buildActionMask = 2147483647;
			files = (
				73DE24152C1D52ED00FF7B35 /* ViewController.swift in Sources */,
				73DE24112C1D52ED00FF7B35 /* AppDelegate.swift in Sources */,
				735BA4B32D87EEE500B1083F /* CollectionVC.swift in Sources */,
				7301C9AD2C22C0C0008A8250 /* AccessibilityCarousel.swift in Sources */,
				733A5C202C1D84D10000BAC3 /* StoriesExampleVC.swift in Sources */,
				73DE24132C1D52ED00FF7B35 /* SceneDelegate.swift in Sources */,
				7301C9AF2C22C0DB008A8250 /* AccessibilityLabel.swift in Sources */,
				735BA4B12D87EC4800B1083F /* AccessibilityCollectionView.swift in Sources */,
				73D965102C2696AD0032E3AD /* BaseView.swift in Sources */,
				73DE24412C1D530200FF7B35 /* ProcessInfo.swift in Sources */,
				73AD68822DCDED0600F7DBBF /* CardView.swift in Sources */,
				733A5C232C1D87EB0000BAC3 /* AccessibilityElements.swift in Sources */,
			);
			runOnlyForDeploymentPostprocessing = 0;
		};
		73DE241F2C1D52EF00FF7B35 /* Sources */ = {
			isa = PBXSourcesBuildPhase;
			buildActionMask = 2147483647;
			files = (
				7301C9A92C22B724008A8250 /* AccessibilitySnapshotPredicate.swift in Sources */,
				73D9650E2C267C880032E3AD /* UITester.swift in Sources */,
				73AD68862DCDF6CE00F7DBBF /* CardViewTests.swift in Sources */,
				73DE24282C1D52EF00FF7B35 /* VOHowToTests.swift in Sources */,
				7301C9A72C22B724008A8250 /* AccessibilitySnapshotElement.swift in Sources */,
				7301C9A82C22B724008A8250 /* UIView+Snapshot.swift in Sources */,
			);
			runOnlyForDeploymentPostprocessing = 0;
		};
		73DE24292C1D52EF00FF7B35 /* Sources */ = {
			isa = PBXSourcesBuildPhase;
			buildActionMask = 2147483647;
			files = (
				73DE24322C1D52EF00FF7B35 /* VOHowToUITests.swift in Sources */,
				73DE24342C1D52EF00FF7B35 /* VOHowToUITestsLaunchTests.swift in Sources */,
			);
			runOnlyForDeploymentPostprocessing = 0;
		};
/* End PBXSourcesBuildPhase section */

/* Begin PBXTargetDependency section */
		73DE24252C1D52EF00FF7B35 /* PBXTargetDependency */ = {
			isa = PBXTargetDependency;
			target = 73DE240C2C1D52ED00FF7B35 /* VOHowTo */;
			targetProxy = 73DE24242C1D52EF00FF7B35 /* PBXContainerItemProxy */;
		};
		73DE242F2C1D52EF00FF7B35 /* PBXTargetDependency */ = {
			isa = PBXTargetDependency;
			target = 73DE240C2C1D52ED00FF7B35 /* VOHowTo */;
			targetProxy = 73DE242E2C1D52EF00FF7B35 /* PBXContainerItemProxy */;
		};
/* End PBXTargetDependency section */

/* Begin PBXVariantGroup section */
		73DE24162C1D52ED00FF7B35 /* Main.storyboard */ = {
			isa = PBXVariantGroup;
			children = (
				73DE24172C1D52ED00FF7B35 /* Base */,
			);
			name = Main.storyboard;
			sourceTree = "<group>";
		};
		73DE241B2C1D52EF00FF7B35 /* LaunchScreen.storyboard */ = {
			isa = PBXVariantGroup;
			children = (
				73DE241C2C1D52EF00FF7B35 /* Base */,
			);
			name = LaunchScreen.storyboard;
			sourceTree = "<group>";
		};
/* End PBXVariantGroup section */

/* Begin XCBuildConfiguration section */
		73DE24352C1D52EF00FF7B35 /* Debug */ = {
			isa = XCBuildConfiguration;
			buildSettings = {
				ALWAYS_SEARCH_USER_PATHS = NO;
				ASSETCATALOG_COMPILER_GENERATE_SWIFT_ASSET_SYMBOL_EXTENSIONS = YES;
				CLANG_ANALYZER_NONNULL = YES;
				CLANG_ANALYZER_NUMBER_OBJECT_CONVERSION = YES_AGGRESSIVE;
				CLANG_CXX_LANGUAGE_STANDARD = "gnu++20";
				CLANG_ENABLE_MODULES = YES;
				CLANG_ENABLE_OBJC_ARC = YES;
				CLANG_ENABLE_OBJC_WEAK = YES;
				CLANG_WARN_BLOCK_CAPTURE_AUTORELEASING = YES;
				CLANG_WARN_BOOL_CONVERSION = YES;
				CLANG_WARN_COMMA = YES;
				CLANG_WARN_CONSTANT_CONVERSION = YES;
				CLANG_WARN_DEPRECATED_OBJC_IMPLEMENTATIONS = YES;
				CLANG_WARN_DIRECT_OBJC_ISA_USAGE = YES_ERROR;
				CLANG_WARN_DOCUMENTATION_COMMENTS = YES;
				CLANG_WARN_EMPTY_BODY = YES;
				CLANG_WARN_ENUM_CONVERSION = YES;
				CLANG_WARN_INFINITE_RECURSION = YES;
				CLANG_WARN_INT_CONVERSION = YES;
				CLANG_WARN_NON_LITERAL_NULL_CONVERSION = YES;
				CLANG_WARN_OBJC_IMPLICIT_RETAIN_SELF = YES;
				CLANG_WARN_OBJC_LITERAL_CONVERSION = YES;
				CLANG_WARN_OBJC_ROOT_CLASS = YES_ERROR;
				CLANG_WARN_QUOTED_INCLUDE_IN_FRAMEWORK_HEADER = YES;
				CLANG_WARN_RANGE_LOOP_ANALYSIS = YES;
				CLANG_WARN_STRICT_PROTOTYPES = YES;
				CLANG_WARN_SUSPICIOUS_MOVE = YES;
				CLANG_WARN_UNGUARDED_AVAILABILITY = YES_AGGRESSIVE;
				CLANG_WARN_UNREACHABLE_CODE = YES;
				CLANG_WARN__DUPLICATE_METHOD_MATCH = YES;
				COPY_PHASE_STRIP = NO;
				DEBUG_INFORMATION_FORMAT = dwarf;
				ENABLE_STRICT_OBJC_MSGSEND = YES;
				ENABLE_TESTABILITY = YES;
				GCC_C_LANGUAGE_STANDARD = gnu17;
				GCC_DYNAMIC_NO_PIC = NO;
				GCC_NO_COMMON_BLOCKS = YES;
				GCC_OPTIMIZATION_LEVEL = 0;
				GCC_PREPROCESSOR_DEFINITIONS = (
					"DEBUG=1",
					"$(inherited)",
				);
				GCC_WARN_64_TO_32_BIT_CONVERSION = YES;
				GCC_WARN_ABOUT_RETURN_TYPE = YES_ERROR;
				GCC_WARN_UNDECLARED_SELECTOR = YES;
				GCC_WARN_UNINITIALIZED_AUTOS = YES_AGGRESSIVE;
				GCC_WARN_UNUSED_FUNCTION = YES;
				GCC_WARN_UNUSED_VARIABLE = YES;
				IPHONEOS_DEPLOYMENT_TARGET = 17.2;
				LOCALIZATION_PREFERS_STRING_CATALOGS = YES;
				MTL_ENABLE_DEBUG_INFO = INCLUDE_SOURCE;
				MTL_FAST_MATH = YES;
				ONLY_ACTIVE_ARCH = YES;
				SDKROOT = iphoneos;
				SWIFT_ACTIVE_COMPILATION_CONDITIONS = "DEBUG $(inherited)";
				SWIFT_OPTIMIZATION_LEVEL = "-Onone";
			};
			name = Debug;
		};
		73DE24362C1D52EF00FF7B35 /* Release */ = {
			isa = XCBuildConfiguration;
			buildSettings = {
				ALWAYS_SEARCH_USER_PATHS = NO;
				ASSETCATALOG_COMPILER_GENERATE_SWIFT_ASSET_SYMBOL_EXTENSIONS = YES;
				CLANG_ANALYZER_NONNULL = YES;
				CLANG_ANALYZER_NUMBER_OBJECT_CONVERSION = YES_AGGRESSIVE;
				CLANG_CXX_LANGUAGE_STANDARD = "gnu++20";
				CLANG_ENABLE_MODULES = YES;
				CLANG_ENABLE_OBJC_ARC = YES;
				CLANG_ENABLE_OBJC_WEAK = YES;
				CLANG_WARN_BLOCK_CAPTURE_AUTORELEASING = YES;
				CLANG_WARN_BOOL_CONVERSION = YES;
				CLANG_WARN_COMMA = YES;
				CLANG_WARN_CONSTANT_CONVERSION = YES;
				CLANG_WARN_DEPRECATED_OBJC_IMPLEMENTATIONS = YES;
				CLANG_WARN_DIRECT_OBJC_ISA_USAGE = YES_ERROR;
				CLANG_WARN_DOCUMENTATION_COMMENTS = YES;
				CLANG_WARN_EMPTY_BODY = YES;
				CLANG_WARN_ENUM_CONVERSION = YES;
				CLANG_WARN_INFINITE_RECURSION = YES;
				CLANG_WARN_INT_CONVERSION = YES;
				CLANG_WARN_NON_LITERAL_NULL_CONVERSION = YES;
				CLANG_WARN_OBJC_IMPLICIT_RETAIN_SELF = YES;
				CLANG_WARN_OBJC_LITERAL_CONVERSION = YES;
				CLANG_WARN_OBJC_ROOT_CLASS = YES_ERROR;
				CLANG_WARN_QUOTED_INCLUDE_IN_FRAMEWORK_HEADER = YES;
				CLANG_WARN_RANGE_LOOP_ANALYSIS = YES;
				CLANG_WARN_STRICT_PROTOTYPES = YES;
				CLANG_WARN_SUSPICIOUS_MOVE = YES;
				CLANG_WARN_UNGUARDED_AVAILABILITY = YES_AGGRESSIVE;
				CLANG_WARN_UNREACHABLE_CODE = YES;
				CLANG_WARN__DUPLICATE_METHOD_MATCH = YES;
				COPY_PHASE_STRIP = NO;
				DEBUG_INFORMATION_FORMAT = "dwarf-with-dsym";
				ENABLE_NS_ASSERTIONS = NO;
				ENABLE_STRICT_OBJC_MSGSEND = YES;
				GCC_C_LANGUAGE_STANDARD = gnu17;
				GCC_NO_COMMON_BLOCKS = YES;
				GCC_WARN_64_TO_32_BIT_CONVERSION = YES;
				GCC_WARN_ABOUT_RETURN_TYPE = YES_ERROR;
				GCC_WARN_UNDECLARED_SELECTOR = YES;
				GCC_WARN_UNINITIALIZED_AUTOS = YES_AGGRESSIVE;
				GCC_WARN_UNUSED_FUNCTION = YES;
				GCC_WARN_UNUSED_VARIABLE = YES;
				IPHONEOS_DEPLOYMENT_TARGET = 17.2;
				LOCALIZATION_PREFERS_STRING_CATALOGS = YES;
				MTL_ENABLE_DEBUG_INFO = NO;
				MTL_FAST_MATH = YES;
				SDKROOT = iphoneos;
				SWIFT_COMPILATION_MODE = wholemodule;
				VALIDATE_PRODUCT = YES;
			};
			name = Release;
		};
		73DE24382C1D52EF00FF7B35 /* Debug */ = {
			isa = XCBuildConfiguration;
			baseConfigurationReference = 792B926112C06BAF46A1048F /* Pods-VOHowTo.debug.xcconfig */;
			buildSettings = {
				ASSETCATALOG_COMPILER_APPICON_NAME = AppIcon;
				ASSETCATALOG_COMPILER_GLOBAL_ACCENT_COLOR_NAME = AccentColor;
				CODE_SIGN_STYLE = Automatic;
				CURRENT_PROJECT_VERSION = 1;
				DEVELOPMENT_TEAM = HJ648XXPWE;
				GENERATE_INFOPLIST_FILE = YES;
				INFOPLIST_FILE = VOHowTo/Info.plist;
				INFOPLIST_KEY_UIApplicationSupportsIndirectInputEvents = YES;
				INFOPLIST_KEY_UILaunchStoryboardName = LaunchScreen;
				INFOPLIST_KEY_UIMainStoryboardFile = Main;
				INFOPLIST_KEY_UISupportedInterfaceOrientations_iPad = "UIInterfaceOrientationPortrait UIInterfaceOrientationPortraitUpsideDown UIInterfaceOrientationLandscapeLeft UIInterfaceOrientationLandscapeRight";
				INFOPLIST_KEY_UISupportedInterfaceOrientations_iPhone = "UIInterfaceOrientationPortrait UIInterfaceOrientationLandscapeLeft UIInterfaceOrientationLandscapeRight";
				LD_RUNPATH_SEARCH_PATHS = (
					"$(inherited)",
					"@executable_path/Frameworks",
				);
				MARKETING_VERSION = 1.0;
				PRODUCT_BUNDLE_IDENTIFIER = xyz.nazabore.VOHowTo;
				PRODUCT_NAME = "$(TARGET_NAME)";
				SUPPORTED_PLATFORMS = "iphoneos iphonesimulator";
				SUPPORTS_MACCATALYST = NO;
				SUPPORTS_MAC_DESIGNED_FOR_IPHONE_IPAD = NO;
				SUPPORTS_XR_DESIGNED_FOR_IPHONE_IPAD = NO;
				SWIFT_EMIT_LOC_STRINGS = YES;
				SWIFT_VERSION = 5.0;
				TARGETED_DEVICE_FAMILY = 1;
			};
			name = Debug;
		};
		73DE24392C1D52EF00FF7B35 /* Release */ = {
			isa = XCBuildConfiguration;
			baseConfigurationReference = F1A16B03BB1FB637B1CB50DC /* Pods-VOHowTo.release.xcconfig */;
			buildSettings = {
				ASSETCATALOG_COMPILER_APPICON_NAME = AppIcon;
				ASSETCATALOG_COMPILER_GLOBAL_ACCENT_COLOR_NAME = AccentColor;
				CODE_SIGN_STYLE = Automatic;
				CURRENT_PROJECT_VERSION = 1;
				DEVELOPMENT_TEAM = HJ648XXPWE;
				GENERATE_INFOPLIST_FILE = YES;
				INFOPLIST_FILE = VOHowTo/Info.plist;
				INFOPLIST_KEY_UIApplicationSupportsIndirectInputEvents = YES;
				INFOPLIST_KEY_UILaunchStoryboardName = LaunchScreen;
				INFOPLIST_KEY_UIMainStoryboardFile = Main;
				INFOPLIST_KEY_UISupportedInterfaceOrientations_iPad = "UIInterfaceOrientationPortrait UIInterfaceOrientationPortraitUpsideDown UIInterfaceOrientationLandscapeLeft UIInterfaceOrientationLandscapeRight";
				INFOPLIST_KEY_UISupportedInterfaceOrientations_iPhone = "UIInterfaceOrientationPortrait UIInterfaceOrientationLandscapeLeft UIInterfaceOrientationLandscapeRight";
				LD_RUNPATH_SEARCH_PATHS = (
					"$(inherited)",
					"@executable_path/Frameworks",
				);
				MARKETING_VERSION = 1.0;
				PRODUCT_BUNDLE_IDENTIFIER = xyz.nazabore.VOHowTo;
				PRODUCT_NAME = "$(TARGET_NAME)";
				SUPPORTED_PLATFORMS = "iphoneos iphonesimulator";
				SUPPORTS_MACCATALYST = NO;
				SUPPORTS_MAC_DESIGNED_FOR_IPHONE_IPAD = NO;
				SUPPORTS_XR_DESIGNED_FOR_IPHONE_IPAD = NO;
				SWIFT_EMIT_LOC_STRINGS = YES;
				SWIFT_VERSION = 5.0;
				TARGETED_DEVICE_FAMILY = 1;
			};
			name = Release;
		};
		73DE243B2C1D52EF00FF7B35 /* Debug */ = {
			isa = XCBuildConfiguration;
			baseConfigurationReference = F39CB6C65B15C0C02C145ACB /* Pods-VOHowTo-VOHowToTests.debug.xcconfig */;
			buildSettings = {
				ALWAYS_EMBED_SWIFT_STANDARD_LIBRARIES = YES;
				BUNDLE_LOADER = "$(TEST_HOST)";
				CODE_SIGN_STYLE = Automatic;
				CURRENT_PROJECT_VERSION = 1;
				DEVELOPMENT_TEAM = HJ648XXPWE;
				GENERATE_INFOPLIST_FILE = YES;
				IPHONEOS_DEPLOYMENT_TARGET = 17.2;
				MARKETING_VERSION = 1.0;
				PRODUCT_BUNDLE_IDENTIFIER = xyz.nazabore.VOHowToTests;
				PRODUCT_NAME = "$(TARGET_NAME)";
				SUPPORTED_PLATFORMS = "iphoneos iphonesimulator";
				SUPPORTS_MACCATALYST = NO;
				SUPPORTS_MAC_DESIGNED_FOR_IPHONE_IPAD = NO;
				SUPPORTS_XR_DESIGNED_FOR_IPHONE_IPAD = NO;
				SWIFT_EMIT_LOC_STRINGS = NO;
				SWIFT_VERSION = 5.0;
				TARGETED_DEVICE_FAMILY = 1;
				TEST_HOST = "$(BUILT_PRODUCTS_DIR)/VOHowTo.app/$(BUNDLE_EXECUTABLE_FOLDER_PATH)/VOHowTo";
			};
			name = Debug;
		};
		73DE243C2C1D52EF00FF7B35 /* Release */ = {
			isa = XCBuildConfiguration;
			baseConfigurationReference = AC84842F258C2A128A4C207D /* Pods-VOHowTo-VOHowToTests.release.xcconfig */;
			buildSettings = {
				ALWAYS_EMBED_SWIFT_STANDARD_LIBRARIES = YES;
				BUNDLE_LOADER = "$(TEST_HOST)";
				CODE_SIGN_STYLE = Automatic;
				CURRENT_PROJECT_VERSION = 1;
				DEVELOPMENT_TEAM = HJ648XXPWE;
				GENERATE_INFOPLIST_FILE = YES;
				IPHONEOS_DEPLOYMENT_TARGET = 17.2;
				MARKETING_VERSION = 1.0;
				PRODUCT_BUNDLE_IDENTIFIER = xyz.nazabore.VOHowToTests;
				PRODUCT_NAME = "$(TARGET_NAME)";
				SUPPORTED_PLATFORMS = "iphoneos iphonesimulator";
				SUPPORTS_MACCATALYST = NO;
				SUPPORTS_MAC_DESIGNED_FOR_IPHONE_IPAD = NO;
				SUPPORTS_XR_DESIGNED_FOR_IPHONE_IPAD = NO;
				SWIFT_EMIT_LOC_STRINGS = NO;
				SWIFT_VERSION = 5.0;
				TARGETED_DEVICE_FAMILY = 1;
				TEST_HOST = "$(BUILT_PRODUCTS_DIR)/VOHowTo.app/$(BUNDLE_EXECUTABLE_FOLDER_PATH)/VOHowTo";
			};
			name = Release;
		};
		73DE243E2C1D52EF00FF7B35 /* Debug */ = {
			isa = XCBuildConfiguration;
			baseConfigurationReference = C247515696F0DE3621E7B9CE /* Pods-VOHowTo-VOHowToUITests.debug.xcconfig */;
			buildSettings = {
				ALWAYS_EMBED_SWIFT_STANDARD_LIBRARIES = YES;
				CODE_SIGN_STYLE = Automatic;
				CURRENT_PROJECT_VERSION = 1;
				DEVELOPMENT_TEAM = HJ648XXPWE;
				GENERATE_INFOPLIST_FILE = YES;
				MARKETING_VERSION = 1.0;
				PRODUCT_BUNDLE_IDENTIFIER = xyz.nazabore.VOHowToUITests;
				PRODUCT_NAME = "$(TARGET_NAME)";
				SWIFT_EMIT_LOC_STRINGS = NO;
				SWIFT_VERSION = 5.0;
				TARGETED_DEVICE_FAMILY = "1,2";
				TEST_TARGET_NAME = VOHowTo;
			};
			name = Debug;
		};
		73DE243F2C1D52EF00FF7B35 /* Release */ = {
			isa = XCBuildConfiguration;
			baseConfigurationReference = 25ED7C7F34D38AD7B319B9B2 /* Pods-VOHowTo-VOHowToUITests.release.xcconfig */;
			buildSettings = {
				ALWAYS_EMBED_SWIFT_STANDARD_LIBRARIES = YES;
				CODE_SIGN_STYLE = Automatic;
				CURRENT_PROJECT_VERSION = 1;
				DEVELOPMENT_TEAM = HJ648XXPWE;
				GENERATE_INFOPLIST_FILE = YES;
				MARKETING_VERSION = 1.0;
				PRODUCT_BUNDLE_IDENTIFIER = xyz.nazabore.VOHowToUITests;
				PRODUCT_NAME = "$(TARGET_NAME)";
				SWIFT_EMIT_LOC_STRINGS = NO;
				SWIFT_VERSION = 5.0;
				TARGETED_DEVICE_FAMILY = "1,2";
				TEST_TARGET_NAME = VOHowTo;
			};
			name = Release;
		};
/* End XCBuildConfiguration section */

/* Begin XCConfigurationList section */
		73DE24082C1D52ED00FF7B35 /* Build configuration list for PBXProject "VOHowTo" */ = {
			isa = XCConfigurationList;
			buildConfigurations = (
				73DE24352C1D52EF00FF7B35 /* Debug */,
				73DE24362C1D52EF00FF7B35 /* Release */,
			);
			defaultConfigurationIsVisible = 0;
			defaultConfigurationName = Release;
		};
		73DE24372C1D52EF00FF7B35 /* Build configuration list for PBXNativeTarget "VOHowTo" */ = {
			isa = XCConfigurationList;
			buildConfigurations = (
				73DE24382C1D52EF00FF7B35 /* Debug */,
				73DE24392C1D52EF00FF7B35 /* Release */,
			);
			defaultConfigurationIsVisible = 0;
			defaultConfigurationName = Release;
		};
		73DE243A2C1D52EF00FF7B35 /* Build configuration list for PBXNativeTarget "VOHowToTests" */ = {
			isa = XCConfigurationList;
			buildConfigurations = (
				73DE243B2C1D52EF00FF7B35 /* Debug */,
				73DE243C2C1D52EF00FF7B35 /* Release */,
			);
			defaultConfigurationIsVisible = 0;
			defaultConfigurationName = Release;
		};
		73DE243D2C1D52EF00FF7B35 /* Build configuration list for PBXNativeTarget "VOHowToUITests" */ = {
			isa = XCConfigurationList;
			buildConfigurations = (
				73DE243E2C1D52EF00FF7B35 /* Debug */,
				73DE243F2C1D52EF00FF7B35 /* Release */,
			);
			defaultConfigurationIsVisible = 0;
			defaultConfigurationName = Release;
		};
/* End XCConfigurationList section */
	};
	rootObject = 73DE24052C1D52ED00FF7B35 /* Project object */;
}
